{
  "version": 4,
  "terraform_version": "1.1.5",
  "serial": 2,
  "lineage": "e70b8eac-6099-dea6-6373-0e3fb9b6e687",
  "outputs": {},
  "resources": [
    {
      "mode": "managed",
      "type": "yandex_resourcemanager_folder",
      "name": "sky_famous_catalog",
      "provider": "provider[\"registry.terraform.io/yandex-cloud/yandex\"]",
      "instances": [
        {
          "schema_version": 0,
          "attributes": {
            "cloud_id": "b1gv38jbhjcjnu8gqcjd",
            "created_at": "2023-09-06T16:58:16Z",
            "description": "this is my test project",
            "id": "b1gn35qodpn3p83jtf3t",
            "labels": {},
            "name": "sky-famous-catalog",
            "timeouts": {
              "create": null,
              "delete": null,
              "read": null,
              "update": null
            }
          },
          "sensitive_attributes": [],
          "private": "eyJlMmJmYjczMC1lY2FhLTExZTYtOGY4OC0zNDM2M2JjN2M0YzAiOnsiY3JlYXRlIjo2MDAwMDAwMDAwMCwiZGVsZXRlIjoxODAwMDAwMDAwMDAwLCJyZWFkIjo2MDAwMDAwMDAwMCwidXBkYXRlIjo2MDAwMDAwMDAwMH0sInNjaGVtYV92ZXJzaW9uIjoiMCJ9"
        }
      ]
    }
  ]
}
