{
  "version": 4,
  "terraform_version": "1.1.5",
  "serial": 42,
  "lineage": "bb7fb53b-00a9-74dd-d0e0-f3e3e6c4237e",
  "outputs": {},
  "resources": [
    {
      "mode": "managed",
      "type": "yandex_kubernetes_node_group",
      "name": "sky_famous_node_group",
      "provider": "provider[\"registry.terraform.io/yandex-cloud/yandex\"]",
      "instances": []
    },
    {
      "mode": "managed",
      "type": "yandex_vpc_subnet",
      "name": "sky_famous_subnet_c",
      "provider": "provider[\"registry.terraform.io/yandex-cloud/yandex\"]",
      "instances": [
        {
          "schema_version": 0,
          "attributes": {
            "created_at": "2023-09-21T16:26:01Z",
            "description": "",
            "dhcp_options": [],
            "folder_id": "b1g9t92cav07h8s3fsj3",
            "id": "b0cqe27sos9ouusb4fe9",
            "labels": {},
            "name": "",
            "network_id": "enp13gj0v3f3rfbo8abp",
            "route_table_id": "",
            "timeouts": null,
            "v4_cidr_blocks": [
              "10.130.10.0/26"
            ],
            "v6_cidr_blocks": [],
            "zone": "ru-central1-c"
          },
          "sensitive_attributes": [],
          "private": "eyJlMmJmYjczMC1lY2FhLTExZTYtOGY4OC0zNDM2M2JjN2M0YzAiOnsiY3JlYXRlIjoxODAwMDAwMDAwMDAsImRlbGV0ZSI6MTgwMDAwMDAwMDAwLCJ1cGRhdGUiOjE4MDAwMDAwMDAwMH19"
        }
      ]
    }
  ]
}
