{
  "version": 4,
  "terraform_version": "1.1.5",
  "serial": 4,
  "lineage": "bb7fb53b-00a9-74dd-d0e0-f3e3e6c4237e",
  "outputs": {},
  "resources": [
    {
      "mode": "managed",
      "type": "yandex_kubernetes_cluster",
      "name": "sky_famous_k8s_cluster",
      "provider": "provider[\"registry.terraform.io/yandex-cloud/yandex\"]",
      "instances": [
        {
          "schema_version": 0,
          "attributes": {
            "cluster_ipv4_range": "10.112.0.0/16",
            "cluster_ipv6_range": "",
            "created_at": "2023-09-10T16:55:50Z",
            "description": "description",
            "folder_id": "b1g9t92cav07h8s3fsj3",
            "health": "healthy",
            "id": "catesrfql9u1fh9cljn7",
            "kms_provider": [],
            "labels": {
              "tags": "sky-famous"
            },
            "log_group_id": "",
            "master": [
              {
                "cluster_ca_certificate": "-----BEGIN CERTIFICATE-----\nMIIC5zCCAc+gAwIBAgIBADANBgkqhkiG9w0BAQsFADAVMRMwEQYDVQQDEwprdWJl\ncm5ldGVzMB4XDTIzMDkxMDE2NTU1MloXDTMzMDkwNzE2NTU1MlowFTETMBEGA1UE\nAxMKa3ViZXJuZXRlczCCASIwDQYJKoZIhvcNAQEBBQADggEPADCCAQoCggEBAMUJ\nNdSSKKvOYkUDjhFoi0pXDMu91cMQlZd7vgTBYukjh1eN+HIX4gkMNxDhfsL6AHZm\nR3KQku8y3cjisj7UWBAo0hSBgzu4FcD+5miv6YyCiPNlieDaUQGPEY+eg3Ncqwff\nWJINITHI+0bnKIh/eeRziUuCIf8aCbfiFqgqTtZTH1x9jL+JmOkoNHDWSIY7QyM/\nRKTtXIsu5XVpemqogaE9HpJ7AXhkMOgwwuS8KNTn4lo0JOA8RqySKv21YXwDxaPC\nAj+AGaxzDwPpyrzX4bqIofAKzaN0VAHZZcITCJu1Vkd0ZZMHh2Gbh3CGfTtfMS5c\n9nfa8VS5ctEfEZD1vvkCAwEAAaNCMEAwDgYDVR0PAQH/BAQDAgKkMA8GA1UdEwEB\n/wQFMAMBAf8wHQYDVR0OBBYEFJ0yl81KVwOv2VROK10wY8vyb/UUMA0GCSqGSIb3\nDQEBCwUAA4IBAQBbXOjnqHrfy7wsmmaRdzBOxhgSKTApwbGJ5Z6KilPXd8OmTT6s\nWeM7+RSYWCW4GHK7/CKbpNJeb+kyq0GrCyyPU6yp12yZBvgahZs6fWdhfUyYpQwK\n2O3Jnj0aXE6V6RaJ6LJgn2KZR1L6QhvbMBlRUeh9BK+sUYuCRNkMedCc5c9LTLFO\nlLvENCSP29RQ/g90TKPd8cwwk3Bt1dIVKm/nA2FP36ZySSYtG+woP+/wlKZCkzYe\nrkYA4p0fhMV1iFLp+xzOlDt+ZGNnK+J9K7XPb0/20Sr7Rul6IglmbQ1ltRu4avHf\nWKfbRm0Ct2lhWWehg4/8ClDBrAOL9bG6RTMK\n-----END CERTIFICATE-----\n",
                "external_v4_address": "51.250.40.191",
                "external_v4_endpoint": "https://51.250.40.191",
                "external_v6_address": "",
                "external_v6_endpoint": "",
                "internal_v4_address": "10.130.0.19",
                "internal_v4_endpoint": "https://10.130.0.19",
                "maintenance_policy": [
                  {
                    "auto_upgrade": true,
                    "maintenance_window": [
                      {
                        "day": "",
                        "duration": "3h0m0s",
                        "start_time": "15:00:00.000000000"
                      }
                    ]
                  }
                ],
                "master_logging": [],
                "public_ip": true,
                "regional": [],
                "security_group_ids": [
                  "enpjct06joclgdddodif"
                ],
                "version": "1.24",
                "version_info": [
                  {
                    "current_version": "1.24",
                    "new_revision_available": false,
                    "new_revision_summary": "",
                    "version_deprecated": false
                  }
                ],
                "zonal": [
                  {
                    "subnet_id": "",
                    "zone": "ru-central1-c"
                  }
                ]
              }
            ],
            "name": "sky-famous-k8s-cluster",
            "network_id": "enp13gj0v3f3rfbo8abp",
            "network_implementation": [],
            "network_policy_provider": "CALICO",
            "node_ipv4_cidr_mask_size": 24,
            "node_service_account_id": "ajes9i15l06im2ml9jg1",
            "release_channel": "RAPID",
            "service_account_id": "ajes9i15l06im2ml9jg1",
            "service_ipv4_range": "10.96.0.0/16",
            "service_ipv6_range": "",
            "status": "running",
            "timeouts": null
          },
          "sensitive_attributes": [],
          "private": "eyJlMmJmYjczMC1lY2FhLTExZTYtOGY4OC0zNDM2M2JjN2M0YzAiOnsiY3JlYXRlIjoxODAwMDAwMDAwMDAwLCJkZWxldGUiOjEyMDAwMDAwMDAwMDAsInJlYWQiOjMwMDAwMDAwMDAwMCwidXBkYXRlIjoxODAwMDAwMDAwMDAwfX0="
        }
      ]
    }
  ]
}
