{
  "version": 4,
  "terraform_version": "1.1.5",
  "serial": 78,
  "lineage": "bb7fb53b-00a9-74dd-d0e0-f3e3e6c4237e",
  "outputs": {},
  "resources": [
    {
      "mode": "managed",
      "type": "yandex_kubernetes_cluster",
      "name": "sky_famous_k8s_cluster",
      "provider": "provider[\"registry.terraform.io/yandex-cloud/yandex\"]",
      "instances": [
        {
          "schema_version": 0,
          "attributes": {
            "cluster_ipv4_range": "10.112.0.0/16",
            "cluster_ipv6_range": "",
            "created_at": "2023-09-29T12:26:18Z",
            "description": "description",
            "folder_id": "b1g9t92cav07h8s3fsj3",
            "health": "healthy",
            "id": "catlv6lrcbv30hjb0ksf",
            "kms_provider": [],
            "labels": {
              "tags": "sky-famous"
            },
            "log_group_id": "",
            "master": [
              {
                "cluster_ca_certificate": "-----BEGIN CERTIFICATE-----\nMIIC5zCCAc+gAwIBAgIBADANBgkqhkiG9w0BAQsFADAVMRMwEQYDVQQDEwprdWJl\ncm5ldGVzMB4XDTIzMDkyOTEyMjYyMFoXDTMzMDkyNjEyMjYyMFowFTETMBEGA1UE\nAxMKa3ViZXJuZXRlczCCASIwDQYJKoZIhvcNAQEBBQADggEPADCCAQoCggEBAMn+\nM1Kwkss4vb5hkX7rdmaDqM8rwDy1czMOOClU8K0FTVTq8TIeamphBtE0WiFsFUMI\n/rmGl1ShTDFiI8CP/vpB+bWy8VMbOlC6Wdp+OR/3h/cv5MYC046a1wnrTq8DJTof\n4f4ITTl4lV6X3lvGD+74He+ukKEDzmZNwS8TU5mvstCkP3qKVlgEnHYj8hg8FhK9\nbc6QOwsSBSkwfCNQ4yqfvGYPuQHpBNTJhc/Usxp0YAW4xUto0QVilPepLiM28O38\nZPhG1VxBlyT1GXwAg4TIYTv+zyTRAdsEOsc/oa9XbC8ugdoI+nW2BkffhnVHqlpT\nnH3Zc/IWGJBQpCUlf9UCAwEAAaNCMEAwDgYDVR0PAQH/BAQDAgKkMA8GA1UdEwEB\n/wQFMAMBAf8wHQYDVR0OBBYEFKhmy8hd01faXZ6NytRWKA8gOdQxMA0GCSqGSIb3\nDQEBCwUAA4IBAQBxJWR9FdToRDa0gvgrV10z+p2eWfqG0GpFuBJ3AoLWhpLoJnKA\nNfbX0G/PA3ZK/vBPdeQFZozVhyB1kod9bauTLHMTbpkbD6zK5OAhVlgQq3STzdAH\nYC/Zb4F4sy5UoTGplUmx1gZ8EbMEpZIZNqwE2IRLGI3dGMDP70CwFSNtesPUGFAX\nFl27qTJlfE9+1st4tC90qmjzjXZQh+8fRXn/HYDLXK1IkCoJCpUkMxuxoB7T18Bx\n3Q553LNO9yje04B88q3AhfzUaWS7h4VHjc9Mn9U4dIudmJnEl8bxOxMDQZe2L6d8\nw0XF7gDGML+AqQPC+WOe+Bbyn3FEbZ9nxX1T\n-----END CERTIFICATE-----\n",
                "external_v4_address": "51.250.38.25",
                "external_v4_endpoint": "https://51.250.38.25",
                "external_v6_address": "",
                "external_v6_endpoint": "",
                "internal_v4_address": "10.130.0.34",
                "internal_v4_endpoint": "https://10.130.0.34",
                "maintenance_policy": [
                  {
                    "auto_upgrade": true,
                    "maintenance_window": [
                      {
                        "day": "",
                        "duration": "3h",
                        "start_time": "15:00"
                      }
                    ]
                  }
                ],
                "master_logging": [],
                "public_ip": true,
                "regional": [],
                "security_group_ids": [
                  "enpjct06joclgdddodif"
                ],
                "version": "1.24",
                "version_info": [
                  {
                    "current_version": "1.24",
                    "new_revision_available": false,
                    "new_revision_summary": "",
                    "version_deprecated": false
                  }
                ],
                "zonal": [
                  {
                    "subnet_id": "",
                    "zone": "ru-central1-c"
                  }
                ]
              }
            ],
            "name": "sky-famous-k8s-cluster",
            "network_id": "enp13gj0v3f3rfbo8abp",
            "network_implementation": [],
            "network_policy_provider": "CALICO",
            "node_ipv4_cidr_mask_size": 24,
            "node_service_account_id": "ajes9i15l06im2ml9jg1",
            "release_channel": "RAPID",
            "service_account_id": "ajes9i15l06im2ml9jg1",
            "service_ipv4_range": "10.96.0.0/16",
            "service_ipv6_range": "",
            "status": "running",
            "timeouts": null
          },
          "sensitive_attributes": [],
          "private": "eyJlMmJmYjczMC1lY2FhLTExZTYtOGY4OC0zNDM2M2JjN2M0YzAiOnsiY3JlYXRlIjoxODAwMDAwMDAwMDAwLCJkZWxldGUiOjEyMDAwMDAwMDAwMDAsInJlYWQiOjMwMDAwMDAwMDAwMCwidXBkYXRlIjoxODAwMDAwMDAwMDAwfX0="
        }
      ]
    },
    {
      "mode": "managed",
      "type": "yandex_kubernetes_node_group",
      "name": "sky_famous_node_group",
      "provider": "provider[\"registry.terraform.io/yandex-cloud/yandex\"]",
      "instances": [
        {
          "schema_version": 0,
          "attributes": {
            "allocation_policy": [
              {
                "location": [
                  {
                    "subnet_id": "b0c37agocn3pl8k9i3fu",
                    "zone": "ru-central1-c"
                  }
                ]
              }
            ],
            "allowed_unsafe_sysctls": null,
            "cluster_id": "catlv6lrcbv30hjb0ksf",
            "created_at": "2023-09-29T12:34:04Z",
            "deploy_policy": [
              {
                "max_expansion": 3,
                "max_unavailable": 0
              }
            ],
            "description": "description",
            "id": "catukuh71er939tkepi1",
            "instance_group_id": "cl1q2dau877m1j1sjjvc",
            "instance_template": [
              {
                "boot_disk": [
                  {
                    "size": 64,
                    "type": "network-hdd"
                  }
                ],
                "container_network": [
                  {
                    "pod_mtu": 0
                  }
                ],
                "container_runtime": [
                  {
                    "type": "containerd"
                  }
                ],
                "gpu_settings": [],
                "labels": null,
                "metadata": {
                  "ssh-keys": "ssh-rsa AAAAB3NzaC1yc2EAAAADAQABAAABgQDYmbRV7hG96wF+l7K+J9oZDRVM3Ea6IB69F7GmFY1rKO8q7DqZP7pVqcByE1dDWBGEJ+rXfDzIpLO+cH9uy420+XQObTMtByOrumDLLi19Aogof70Iajp/kwR9yOKLrZd5JudO6N2kgI2xg7Wj0KfboFa1AKAQ4UDrSJViiSO4SS+gcPHp9x/ah5sgbiFk7V5AaCyXGSolGVm+lHaVyIleeSABFjzmZH8vumJyLLJP+Xm8XqyP064dmRHRZp3txVvjidPFArCxnZLOLPkZ4XycE3upb4ePwtvQ2tvVTyoho/+j7holBnb4qys62Sk2MCtwvmR9tJXMGGjkqTfdOSwH+IMp+nMrm+wDEpNGLA6myK3te/Y+W0dzMV361cymKweVPSQ3M9xOCNA3xxtlmpOpSQ0mpK/d4pHWO/23TzNEjuBhzgrj9whpW2XF1dRkx6VWISpc301tC/+yRDf9iEwQk4Q2/uWnyMZ4fvmHVVr2t+JwJucXCOz7UGBoRdPq2KU= rza@DESKTOP-27T72GQ"
                },
                "name": "",
                "nat": true,
                "network_acceleration_type": "type_unspecified",
                "network_interface": [
                  {
                    "ipv4": true,
                    "ipv4_dns_records": [],
                    "ipv6": false,
                    "ipv6_dns_records": [],
                    "nat": true,
                    "security_group_ids": [
                      "enpjct06joclgdddodif"
                    ],
                    "subnet_ids": [
                      "b0c37agocn3pl8k9i3fu"
                    ]
                  }
                ],
                "placement_policy": [],
                "platform_id": "standard-v2",
                "resources": [
                  {
                    "core_fraction": 100,
                    "cores": 2,
                    "gpus": 0,
                    "memory": 4
                  }
                ],
                "scheduling_policy": [
                  {
                    "preemptible": true
                  }
                ]
              }
            ],
            "labels": {
              "tags": "sky-famous"
            },
            "maintenance_policy": [
              {
                "auto_repair": true,
                "auto_upgrade": true,
                "maintenance_window": [
                  {
                    "day": "friday",
                    "duration": "4h30m",
                    "start_time": "10:00"
                  },
                  {
                    "day": "monday",
                    "duration": "3h",
                    "start_time": "15:00"
                  }
                ]
              }
            ],
            "name": "sky-famous-node-group",
            "node_labels": null,
            "node_taints": null,
            "scale_policy": [
              {
                "auto_scale": [
                  {
                    "initial": 1,
                    "max": 2,
                    "min": 1
                  }
                ],
                "fixed_scale": []
              }
            ],
            "status": "running",
            "timeouts": null,
            "version": "1.24",
            "version_info": [
              {
                "current_version": "1.24",
                "new_revision_available": false,
                "new_revision_summary": "",
                "version_deprecated": false
              }
            ]
          },
          "sensitive_attributes": [],
          "private": "eyJlMmJmYjczMC1lY2FhLTExZTYtOGY4OC0zNDM2M2JjN2M0YzAiOnsiY3JlYXRlIjozNjAwMDAwMDAwMDAwLCJkZWxldGUiOjEyMDAwMDAwMDAwMDAsInJlYWQiOjYwMDAwMDAwMDAwMCwidXBkYXRlIjozNjAwMDAwMDAwMDAwfX0=",
          "dependencies": [
            "yandex_kubernetes_cluster.sky_famous_k8s_cluster",
            "yandex_vpc_subnet.sky_famous_subnet_c"
          ]
        }
      ]
    },
    {
      "mode": "managed",
      "type": "yandex_vpc_subnet",
      "name": "sky_famous_subnet_c",
      "provider": "provider[\"registry.terraform.io/yandex-cloud/yandex\"]",
      "instances": [
        {
          "schema_version": 0,
          "attributes": {
            "created_at": "2023-09-29T12:26:19Z",
            "description": "",
            "dhcp_options": [],
            "folder_id": "b1g9t92cav07h8s3fsj3",
            "id": "b0c37agocn3pl8k9i3fu",
            "labels": {},
            "name": "",
            "network_id": "enp13gj0v3f3rfbo8abp",
            "route_table_id": "",
            "timeouts": null,
            "v4_cidr_blocks": [
              "10.130.10.0/26"
            ],
            "v6_cidr_blocks": [],
            "zone": "ru-central1-c"
          },
          "sensitive_attributes": [],
          "private": "eyJlMmJmYjczMC1lY2FhLTExZTYtOGY4OC0zNDM2M2JjN2M0YzAiOnsiY3JlYXRlIjoxODAwMDAwMDAwMDAsImRlbGV0ZSI6MTgwMDAwMDAwMDAwLCJ1cGRhdGUiOjE4MDAwMDAwMDAwMH19"
        }
      ]
    }
  ]
}
